# This is a Gradle generated file for dependency locking.
# Manual edits can break the build and are not advised.
# This file is expected to be part of source control.
androidx.activity:activity-compose:1.10.1=releaseRuntimeClasspath
androidx.activity:activity-ktx:1.10.1=releaseRuntimeClasspath
androidx.activity:activity:1.10.1=releaseRuntimeClasspath
androidx.annotation:annotation-experimental:1.4.1=releaseRuntimeClasspath
androidx.annotation:annotation-jvm:1.9.1=releaseRuntimeClasspath
androidx.annotation:annotation:1.9.1=releaseRuntimeClasspath
androidx.arch.core:core-common:2.2.0=releaseRuntimeClasspath
androidx.arch.core:core-runtime:2.2.0=releaseRuntimeClasspath
androidx.autofill:autofill:1.0.0=releaseRuntimeClasspath
androidx.collection:collection-jvm:1.5.0=releaseRuntimeClasspath
androidx.collection:collection-ktx:1.5.0=releaseRuntimeClasspath
androidx.collection:collection:1.5.0=releaseRuntimeClasspath
androidx.compose.animation:animation-android:1.8.2=releaseRuntimeClasspath
androidx.compose.animation:animation-core-android:1.8.2=releaseRuntimeClasspath
androidx.compose.animation:animation-core:1.8.2=releaseRuntimeClasspath
androidx.compose.animation:animation:1.8.2=releaseRuntimeClasspath
androidx.compose.foundation:foundation-android:1.8.2=releaseRuntimeClasspath
androidx.compose.foundation:foundation-layout-android:1.8.2=releaseRuntimeClasspath
androidx.compose.foundation:foundation-layout:1.8.2=releaseRuntimeClasspath
androidx.compose.foundation:foundation:1.8.2=releaseRuntimeClasspath
androidx.compose.material3:material3-android:1.3.2=releaseRuntimeClasspath
androidx.compose.material3:material3:1.3.2=releaseRuntimeClasspath
androidx.compose.material:material-icons-core-android:1.7.8=releaseRuntimeClasspath
androidx.compose.material:material-icons-core:1.7.8=releaseRuntimeClasspath
androidx.compose.material:material-ripple-android:1.8.2=releaseRuntimeClasspath
androidx.compose.material:material-ripple:1.8.2=releaseRuntimeClasspath
androidx.compose.runtime:runtime-android:1.8.2=releaseRuntimeClasspath
androidx.compose.runtime:runtime-saveable-android:1.8.2=releaseRuntimeClasspath
androidx.compose.runtime:runtime-saveable:1.8.2=releaseRuntimeClasspath
androidx.compose.runtime:runtime:1.8.2=releaseRuntimeClasspath
androidx.compose.ui:ui-android:1.8.2=releaseRuntimeClasspath
androidx.compose.ui:ui-geometry-android:1.8.2=releaseRuntimeClasspath
androidx.compose.ui:ui-geometry:1.8.2=releaseRuntimeClasspath
androidx.compose.ui:ui-graphics-android:1.8.2=releaseRuntimeClasspath
androidx.compose.ui:ui-graphics:1.8.2=releaseRuntimeClasspath
androidx.compose.ui:ui-text-android:1.8.2=releaseRuntimeClasspath
androidx.compose.ui:ui-text:1.8.2=releaseRuntimeClasspath
androidx.compose.ui:ui-unit-android:1.8.2=releaseRuntimeClasspath
androidx.compose.ui:ui-unit:1.8.2=releaseRuntimeClasspath
androidx.compose.ui:ui-util-android:1.8.2=releaseRuntimeClasspath
androidx.compose.ui:ui-util:1.8.2=releaseRuntimeClasspath
androidx.compose.ui:ui:1.8.2=releaseRuntimeClasspath
androidx.compose:compose-bom:2025.06.00=releaseRuntimeClasspath
androidx.concurrent:concurrent-futures-ktx:1.1.0=releaseRuntimeClasspath
androidx.concurrent:concurrent-futures:1.1.0=releaseRuntimeClasspath
androidx.core:core-ktx:1.16.0=releaseRuntimeClasspath
androidx.core:core-viewtree:1.0.0=releaseRuntimeClasspath
androidx.core:core:1.16.0=releaseRuntimeClasspath
androidx.customview:customview-poolingcontainer:1.0.0=releaseRuntimeClasspath
androidx.customview:customview:1.0.0=releaseRuntimeClasspath
androidx.datastore:datastore-android:1.1.7=releaseRuntimeClasspath
androidx.datastore:datastore-core-android:1.1.7=releaseRuntimeClasspath
androidx.datastore:datastore-core-okio-jvm:1.1.7=releaseRuntimeClasspath
androidx.datastore:datastore-core-okio:1.1.7=releaseRuntimeClasspath
androidx.datastore:datastore-core:1.1.7=releaseRuntimeClasspath
androidx.datastore:datastore-preferences-android:1.1.7=releaseRuntimeClasspath
androidx.datastore:datastore-preferences-core-android:1.1.7=releaseRuntimeClasspath
androidx.datastore:datastore-preferences-core:1.1.7=releaseRuntimeClasspath
androidx.datastore:datastore-preferences-external-protobuf:1.1.7=releaseRuntimeClasspath
androidx.datastore:datastore-preferences-proto:1.1.7=releaseRuntimeClasspath
androidx.datastore:datastore-preferences:1.1.7=releaseRuntimeClasspath
androidx.datastore:datastore:1.1.7=releaseRuntimeClasspath
androidx.emoji2:emoji2:1.4.0=releaseRuntimeClasspath
androidx.fragment:fragment:1.5.7=releaseRuntimeClasspath
androidx.graphics:graphics-path:1.0.1=releaseRuntimeClasspath
androidx.interpolator:interpolator:1.0.0=releaseRuntimeClasspath
androidx.lifecycle:lifecycle-common-java8:2.9.1=releaseRuntimeClasspath
androidx.lifecycle:lifecycle-common-jvm:2.9.1=releaseRuntimeClasspath
androidx.lifecycle:lifecycle-common:2.9.1=releaseRuntimeClasspath
androidx.lifecycle:lifecycle-livedata-core-ktx:2.9.1=releaseRuntimeClasspath
androidx.lifecycle:lifecycle-livedata-core:2.9.1=releaseRuntimeClasspath
androidx.lifecycle:lifecycle-livedata:2.9.1=releaseRuntimeClasspath
androidx.lifecycle:lifecycle-process:2.9.1=releaseRuntimeClasspath
androidx.lifecycle:lifecycle-runtime-android:2.9.1=releaseRuntimeClasspath
androidx.lifecycle:lifecycle-runtime-compose-android:2.9.1=releaseRuntimeClasspath
androidx.lifecycle:lifecycle-runtime-compose:2.9.1=releaseRuntimeClasspath
androidx.lifecycle:lifecycle-runtime-ktx-android:2.9.1=releaseRuntimeClasspath
androidx.lifecycle:lifecycle-runtime-ktx:2.9.1=releaseRuntimeClasspath
androidx.lifecycle:lifecycle-runtime:2.9.1=releaseRuntimeClasspath
androidx.lifecycle:lifecycle-service:2.9.1=releaseRuntimeClasspath
androidx.lifecycle:lifecycle-viewmodel-android:2.9.1=releaseRuntimeClasspath
androidx.lifecycle:lifecycle-viewmodel-compose-android:2.9.1=releaseRuntimeClasspath
androidx.lifecycle:lifecycle-viewmodel-compose:2.9.1=releaseRuntimeClasspath
androidx.lifecycle:lifecycle-viewmodel-ktx:2.9.1=releaseRuntimeClasspath
androidx.lifecycle:lifecycle-viewmodel-savedstate-android:2.9.1=releaseRuntimeClasspath
androidx.lifecycle:lifecycle-viewmodel-savedstate:2.9.1=releaseRuntimeClasspath
androidx.lifecycle:lifecycle-viewmodel:2.9.1=releaseRuntimeClasspath
androidx.loader:loader:1.1.0=releaseRuntimeClasspath
androidx.profileinstaller:profileinstaller:1.4.0=releaseRuntimeClasspath
androidx.room:room-common:2.6.1=releaseRuntimeClasspath
androidx.room:room-ktx:2.6.1=releaseRuntimeClasspath
androidx.room:room-runtime:2.6.1=releaseRuntimeClasspath
androidx.savedstate:savedstate-android:1.3.0=releaseRuntimeClasspath
androidx.savedstate:savedstate-ktx:1.3.0=releaseRuntimeClasspath
androidx.savedstate:savedstate:1.3.0=releaseRuntimeClasspath
androidx.sqlite:sqlite-framework:2.4.0=releaseRuntimeClasspath
androidx.sqlite:sqlite:2.4.0=releaseRuntimeClasspath
androidx.startup:startup-runtime:1.1.1=releaseRuntimeClasspath
androidx.tracing:tracing-ktx:1.2.0=releaseRuntimeClasspath
androidx.tracing:tracing:1.2.0=releaseRuntimeClasspath
androidx.versionedparcelable:versionedparcelable:1.1.1=releaseRuntimeClasspath
androidx.viewpager:viewpager:1.0.0=releaseRuntimeClasspath
androidx.work:work-runtime-ktx:2.10.1=releaseRuntimeClasspath
androidx.work:work-runtime:2.10.1=releaseRuntimeClasspath
com.google.android.gms:play-services-auth-api-phone:18.0.2=releaseRuntimeClasspath
com.google.android.gms:play-services-auth-base:18.0.10=releaseRuntimeClasspath
com.google.android.gms:play-services-auth:21.3.0=releaseRuntimeClasspath
com.google.android.gms:play-services-base:18.5.0=releaseRuntimeClasspath
com.google.android.gms:play-services-basement:18.4.0=releaseRuntimeClasspath
com.google.android.gms:play-services-fido:20.0.1=releaseRuntimeClasspath
com.google.android.gms:play-services-tasks:18.2.0=releaseRuntimeClasspath
com.google.guava:listenablefuture:1.0=releaseRuntimeClasspath
com.squareup.okhttp3:okhttp:4.12.0=releaseRuntimeClasspath
com.squareup.okio:okio-jvm:3.6.0=releaseRuntimeClasspath
com.squareup.okio:okio:3.6.0=releaseRuntimeClasspath
org.jetbrains.kotlin:kotlin-android-extensions-runtime:1.9.22=releaseRuntimeClasspath
org.jetbrains.kotlin:kotlin-parcelize-runtime:1.9.22=releaseRuntimeClasspath
org.jetbrains.kotlin:kotlin-stdlib-common:2.1.21=releaseRuntimeClasspath
org.jetbrains.kotlin:kotlin-stdlib-jdk7:1.9.10=releaseRuntimeClasspath
org.jetbrains.kotlin:kotlin-stdlib-jdk8:1.9.10=releaseRuntimeClasspath
org.jetbrains.kotlin:kotlin-stdlib:2.1.21=releaseRuntimeClasspath
org.jetbrains.kotlinx:kotlinx-coroutines-android:1.10.2=releaseRuntimeClasspath
org.jetbrains.kotlinx:kotlinx-coroutines-bom:1.10.2=releaseRuntimeClasspath
org.jetbrains.kotlinx:kotlinx-coroutines-core-jvm:1.10.2=releaseRuntimeClasspath
org.jetbrains.kotlinx:kotlinx-coroutines-core:1.10.2=releaseRuntimeClasspath
org.jetbrains.kotlinx:kotlinx-serialization-bom:1.8.1=releaseRuntimeClasspath
org.jetbrains.kotlinx:kotlinx-serialization-core-jvm:1.8.1=releaseRuntimeClasspath
org.jetbrains.kotlinx:kotlinx-serialization-core:1.8.1=releaseRuntimeClasspath
org.jetbrains.kotlinx:kotlinx-serialization-json-jvm:1.8.1=releaseRuntimeClasspath
org.jetbrains.kotlinx:kotlinx-serialization-json:1.8.1=releaseRuntimeClasspath
org.jetbrains:annotations:23.0.0=releaseRuntimeClasspath
org.jspecify:jspecify:1.0.0=releaseRuntimeClasspath
empty=
